// !$*UTF8*$!
{
	archiveVersion = 1;
	classes = {
	};
	objectVersion = 46;
	objects = {

/* Begin PBXBuildFile section */
		B0A7F4F41DAB7DD700DEB92D /* AppDelegate.swift in Sources */ = {isa = PBXBuildFile; fileRef = B0A7F4F31DAB7DD700DEB92D /* AppDelegate.swift */; };
		B0A7F4F61DAB7DD700DEB92D /* ViewController.swift in Sources */ = {isa = PBXBuildFile; fileRef = B0A7F4F51DAB7DD700DEB92D /* ViewController.swift */; };
		B0A7F4F91DAB7DD700DEB92D /* Main.storyboard in Resources */ = {isa = PBXBuildFile; fileRef = B0A7F4F71DAB7DD700DEB92D /* Main.storyboard */; };
		B0A7F4FB1DAB7DD700DEB92D /* Assets.xcassets in Resources */ = {isa = PBXBuildFile; fileRef = B0A7F4FA1DAB7DD700DEB92D /* Assets.xcassets */; };
		B0A7F4FE1DAB7DD700DEB92D /* LaunchScreen.storyboard in Resources */ = {isa = PBXBuildFile; fileRef = B0A7F4FC1DAB7DD700DEB92D /* LaunchScreen.storyboard */; };
/* End PBXBuildFile section */

/* Begin PBXFileReference section */
		B0A7F4F01DAB7DD700DEB92D /* Kiki.app */ = {isa = PBXFileReference; explicitFileType = wrapper.application; includeInIndex = 0; path = Kiki.app; sourceTree = BUILT_PRODUCTS_DIR; };
		B0A7F4F31DAB7DD700DEB92D /* AppDelegate.swift */ = {isa = PBXFileReference; lastKnownFileType = sourcecode.swift; path = AppDelegate.swift; sourceTree = "<group>"; };
		B0A7F4F51DAB7DD700DEB92D /* ViewController.swift */ = {isa = PBXFileReference; lastKnownFileType = sourcecode.swift; path = ViewController.swift; sourceTree = "<group>"; };
		B0A7F4F81DAB7DD700DEB92D /* Base */ = {isa = PBXFileReference; lastKnownFileType = file.storyboard; name = Base; path = Base.lproj/Main.storyboard; sourceTree = "<group>"; };
		B0A7F4FA1DAB7DD700DEB92D /* Assets.xcassets */ = {isa = PBXFileReference; lastKnownFileType = folder.assetcatalog; path = Assets.xcassets; sourceTree = "<group>"; };
		B0A7F4FD1DAB7DD700DEB92D /* Base */ = {isa = PBXFileReference; lastKnownFileType = file.storyboard; name = Base; path = Base.lproj/LaunchScreen.storyboard; sourceTree = "<group>"; };
		B0A7F4FF1DAB7DD700DEB92D /* Info.plist */ = {isa = PBXFileReference; lastKnownFileType = text.plist.xml; path = Info.plist; sourceTree = "<group>"; };
/* End PBXFileReference section */

/* Begin PBXFrameworksBuildPhase section */
		B0A7F4ED1DAB7DD700DEB92D /* Frameworks */ = {
			isa = PBXFrameworksBuildPhase;
			buildActionMask = 2147483647;
			files = (
			);
			runOnlyForDeploymentPostprocessing = 0;
		};
/* End PBXFrameworksBuildPhase section */

/* Begin PBXGroup section */
		B0A7F4E71DAB7DD700DEB92D = {
			isa = PBXGroup;
			children = (
				B0A7F4F21DAB7DD700DEB92D /* Kiki */,
				B0A7F4F11DAB7DD700DEB92D /* Products */,
			);
			sourceTree = "<group>";
		};
		B0A7F4F11DAB7DD700DEB92D /* Products */ = {
			isa = PBXGroup;
			children = (
				B0A7F4F01DAB7DD700DEB92D /* Kiki.app */,
			);
			name = Products;
			sourceTree = "<group>";
		};
		B0A7F4F21DAB7DD700DEB92D /* Kiki */ = {
			isa = PBXGroup;
			children = (
				B0A7F4F31DAB7DD700DEB92D /* AppDelegate.swift */,
				B0A7F4F51DAB7DD700DEB92D /* ViewController.swift */,
				B0A7F4F71DAB7DD700DEB92D /* Main.storyboard */,
				B0A7F4FA1DAB7DD700DEB92D /* Assets.xcassets */,
				B0A7F4FC1DAB7DD700DEB92D /* LaunchScreen.storyboard */,
				B0A7F4FF1DAB7DD700DEB92D /* Info.plist */,
			);
			path = Kiki;
			sourceTree = "<group>";
		};
/* End PBXGroup section */

/* Begin PBXNativeTarget section */
		B0A7F4EF1DAB7DD700DEB92D /* Kiki */ = {
			isa = PBXNativeTarget;
			buildConfigurationList = B0A7F5021DAB7DD700DEB92D /* Build configuration list for PBXNativeTarget "Kiki" */;
			buildPhases = (
				B0A7F4EC1DAB7DD700DEB92D /* Sources */,
				B0A7F4ED1DAB7DD700DEB92D /* Frameworks */,
				B0A7F4EE1DAB7DD700DEB92D /* Resources */,
			);
			buildRules = (
			);
			dependencies = (
			);
			name = Kiki;
			productName = Kiki;
			productReference = B0A7F4F01DAB7DD700DEB92D /* Kiki.app */;
			productType = "com.apple.product-type.application";
		};
/* End PBXNativeTarget section */

/* Begin PBXProject section */
		B0A7F4E81DAB7DD700DEB92D /* Project object */ = {
			isa = PBXProject;
			attributes = {
				LastSwiftUpdateCheck = 0730;
				LastUpgradeCheck = 0730;
				ORGANIZATIONNAME = mycompany;
				TargetAttributes = {
					B0A7F4EF1DAB7DD700DEB92D = {
						CreatedOnToolsVersion = 7.3.1;
						DevelopmentTeam = JCVE6J4J9R;
					};
				};
			};
			buildConfigurationList = B0A7F4EB1DAB7DD700DEB92D /* Build configuration list for PBXProject "Kiki" */;
			compatibilityVersion = "Xcode 3.2";
			developmentRegion = English;
			hasScannedForEncodings = 0;
			knownRegions = (
				en,
				Base,
			);
			mainGroup = B0A7F4E71DAB7DD700DEB92D;
			productRefGroup = B0A7F4F11DAB7DD700DEB92D /* Products */;
			projectDirPath = "";
			projectRoot = "";
			targets = (
				B0A7F4EF1DAB7DD700DEB92D /* Kiki */,
			);
		};
/* End PBXProject section */

/* Begin PBXResourcesBuildPhase section */
		B0A7F4EE1DAB7DD700DEB92D /* Resources */ = {
			isa = PBXResourcesBuildPhase;
			buildActionMask = 2147483647;
			files = (
				B0A7F4FE1DAB7DD700DEB92D /* LaunchScreen.storyboard in Resources */,
				B0A7F4FB1DAB7DD700DEB92D /* Assets.xcassets in Resources */,
				B0A7F4F91DAB7DD700DEB92D /* Main.storyboard in Resources */,
			);
			runOnlyForDeploymentPostprocessing = 0;
		};
/* End PBXResourcesBuildPhase section */

/* Begin PBXSourcesBuildPhase section */
		B0A7F4EC1DAB7DD700DEB92D /* Sources */ = {
			isa = PBXSourcesBuildPhase;
			buildActionMask = 2147483647;
			files = (
				B0A7F4F61DAB7DD700DEB92D /* ViewController.swift in Sources */,
				B0A7F4F41DAB7DD700DEB92D /* AppDelegate.swift in Sources */,
			);
			runOnlyForDeploymentPostprocessing = 0;
		};
/* End PBXSourcesBuildPhase section */

/* Begin PBXVariantGroup section */
		B0A7F4F71DAB7DD700DEB92D /* Main.storyboard */ = {
			isa = PBXVariantGroup;
			children = (
				B0A7F4F81DAB7DD700DEB92D /* Base */,
			);
			name = Main.storyboard;
			sourceTree = "<group>";
		};
		B0A7F4FC1DAB7DD700DEB92D /* LaunchScreen.storyboard */ = {
			isa = PBXVariantGroup;
			children = (
				B0A7F4FD1DAB7DD700DEB92D /* Base */,
			);
			name = LaunchScreen.storyboard;
			sourceTree = "<group>";
		};
/* End PBXVariantGroup section */

/* Begin XCBuildConfiguration section */
		B0A7F5001DAB7DD700DEB92D /* Debug */ = {
			isa = XCBuildConfiguration;
			buildSettings = {
				ALWAYS_SEARCH_USER_PATHS = NO;
				CLANG_ANALYZER_NONNULL = YES;
				CLANG_CXX_LANGUAGE_STANDARD = "gnu++0x";
				CLANG_CXX_LIBRARY = "libc++";
				CLANG_ENABLE_MODULES = YES;
				CLANG_ENABLE_OBJC_ARC = YES;
				CLANG_WARN_BOOL_CONVERSION = YES;
				CLANG_WARN_CONSTANT_CONVERSION = YES;
				CLANG_WARN_DIRECT_OBJC_ISA_USAGE = YES_ERROR;
				CLANG_WARN_EMPTY_BODY = YES;
				CLANG_WARN_ENUM_CONVERSION = YES;
				CLANG_WARN_INT_CONVERSION = YES;
				CLANG_WARN_OBJC_ROOT_CLASS = YES_ERROR;
				CLANG_WARN_UNREACHABLE_CODE = YES;
				CLANG_WARN__DUPLICATE_METHOD_MATCH = YES;
				"CODE_SIGN_IDENTITY[sdk=iphoneos*]" = "iPhone Developer";
				COPY_PHASE_STRIP = NO;
				DEBUG_INFORMATION_FORMAT = dwarf;
				ENABLE_STRICT_OBJC_MSGSEND = YES;
				ENABLE_TESTABILITY = YES;
				GCC_C_LANGUAGE_STANDARD = gnu99;
				GCC_DYNAMIC_NO_PIC = NO;
				GCC_NO_COMMON_BLOCKS = YES;
				GCC_OPTIMIZATION_LEVEL = 0;
				GCC_PREPROCESSOR_DEFINITIONS = (
					"DEBUG=1",
					"$(inherited)",
				);
				GCC_WARN_64_TO_32_BIT_CONVERSION = YES;
				GCC_WARN_ABOUT_RETURN_TYPE = YES_ERROR;
				GCC_WARN_UNDECLARED_SELECTOR = YES;
				GCC_WARN_UNINITIALIZED_AUTOS = YES_AGGRESSIVE;
				GCC_WARN_UNUSED_FUNCTION = YES;
				GCC_WARN_UNUSED_VARIABLE = YES;
				IPHONEOS_DEPLOYMENT_TARGET = 9.3;
				MTL_ENABLE_DEBUG_INFO = YES;
				ONLY_ACTIVE_ARCH = YES;
				SDKROOT = iphoneos;
				SWIFT_OPTIMIZATION_LEVEL = "-Onone";
			};
			name = Debug;
		};
		B0A7F5011DAB7DD700DEB92D /* Release */ = {
			isa = XCBuildConfiguration;
			buildSettings = {
				ALWAYS_SEARCH_USER_PATHS = NO;
				CLANG_ANALYZER_NONNULL = YES;
				CLANG_CXX_LANGUAGE_STANDARD = "gnu++0x";
				CLANG_CXX_LIBRARY = "libc++";
				CLANG_ENABLE_MODULES = YES;
				CLANG_ENABLE_OBJC_ARC = YES;
				CLANG_WARN_BOOL_CONVERSION = YES;
				CLANG_WARN_CONSTANT_CONVERSION = YES;
				CLANG_WARN_DIRECT_OBJC_ISA_USAGE = YES_ERROR;
				CLANG_WARN_EMPTY_BODY = YES;
				CLANG_WARN_ENUM_CONVERSION = YES;
				CLANG_WARN_INT_CONVERSION = YES;
				CLANG_WARN_OBJC_ROOT_CLASS = YES_ERROR;
				CLANG_WARN_UNREACHABLE_CODE = YES;
				CLANG_WARN__DUPLICATE_METHOD_MATCH = YES;
				"CODE_SIGN_IDENTITY[sdk=iphoneos*]" = "iPhone Developer";
				COPY_PHASE_STRIP = NO;
				DEBUG_INFORMATION_FORMAT = "dwarf-with-dsym";
				ENABLE_NS_ASSERTIONS = NO;
				ENABLE_STRICT_OBJC_MSGSEND = YES;
				GCC_C_LANGUAGE_STANDARD = gnu99;
				GCC_NO_COMMON_BLOCKS = YES;
				GCC_WARN_64_TO_32_BIT_CONVERSION = YES;
				GCC_WARN_ABOUT_RETURN_TYPE = YES_ERROR;
				GCC_WARN_UNDECLARED_SELECTOR = YES;
				GCC_WARN_UNINITIALIZED_AUTOS = YES_AGGRESSIVE;
				GCC_WARN_UNUSED_FUNCTION = YES;
				GCC_WARN_UNUSED_VARIABLE = YES;
				IPHONEOS_DEPLOYMENT_TARGET = 9.3;
				MTL_ENABLE_DEBUG_INFO = NO;
				SDKROOT = iphoneos;
				VALIDATE_PRODUCT = YES;
			};
			name = Release;
		};
		B0A7F5031DAB7DD700DEB92D /* Debug */ = {
			isa = XCBuildConfiguration;
			buildSettings = {
				ASSETCATALOG_COMPILER_APPICON_NAME = AppIcon;
				INFOPLIST_FILE = Kiki/Info.plist;
				LD_RUNPATH_SEARCH_PATHS = "$(inherited) @executable_path/Frameworks";
				PRODUCT_BUNDLE_IDENTIFIER = com.mycompany.Kiki;
				PRODUCT_NAME = "$(TARGET_NAME)";
			};
			name = Debug;
		};
		B0A7F5041DAB7DD700DEB92D /* Release */ = {
			isa = XCBuildConfiguration;
			buildSettings = {
				ASSETCATALOG_COMPILER_APPICON_NAME = AppIcon;
				INFOPLIST_FILE = Kiki/Info.plist;
				LD_RUNPATH_SEARCH_PATHS = "$(inherited) @executable_path/Frameworks";
				PRODUCT_BUNDLE_IDENTIFIER = com.mycompany.Kiki;
				PRODUCT_NAME = "$(TARGET_NAME)";
			};
			name = Release;
		};
/* End XCBuildConfiguration section */

/* Begin XCConfigurationList section */
		B0A7F4EB1DAB7DD700DEB92D /* Build configuration list for PBXProject "Kiki" */ = {
			isa = XCConfigurationList;
			buildConfigurations = (
				B0A7F5001DAB7DD700DEB92D /* Debug */,
				B0A7F5011DAB7DD700DEB92D /* Release */,
			);
			defaultConfigurationIsVisible = 0;
			defaultConfigurationName = Release;
		};
		B0A7F5021DAB7DD700DEB92D /* Build configuration list for PBXNativeTarget "Kiki" */ = {
			isa = XCConfigurationList;
			buildConfigurations = (
				B0A7F5031DAB7DD700DEB92D /* Debug */,
				B0A7F5041DAB7DD700DEB92D /* Release */,
			);
			defaultConfigurationIsVisible = 0;
		};
/* End XCConfigurationList section */
	};
	rootObject = B0A7F4E81DAB7DD700DEB92D /* Project object */;
}
